NeoBundleLock phpcomplete-extended 7cd1f9690a2236efb866dfe2de557099b0fceaa1
NeoBundleLock vim-json 427d9700ac2bf4822dff6ba8a95ad019e855ec17
NeoBundleLock ctrlp-funky 0770e4c17eaa658c76d2bdc6f023c6788930e848
NeoBundleLock nerdcommenter 6549cfde45339bd4f711504196ff3e8b766ef5e6
NeoBundleLock vim-javascript-syntax 386c24a265ebb7bc3891e5f698ca1c7d64486e7d
NeoBundleLock neobundle.vim 4a3bb7fb323b62f571c22ff15139fe996dc60ac8
NeoBundleLock ctrlp.vim b5d3fe66a58a13d2ff8b6391f4387608496a030f
NeoBundleLock vim-blade 0f071a8d5a3b408cd509568a92aa25f84c15f0c7
NeoBundleLock syntastic e4c94d67a9ba7f35397b4a2f0daa8f346a84a8b9
NeoBundleLock vim-airline 256dec6800342c121c1b26dabc06dafb0c91edca
NeoBundleLock unite.vim d55a26affd719585b500413ec80126ee7ab2ab1f
NeoBundleLock swap-parameters 1e68c6bdf399b05449781e0dd8342086c97380b7
NeoBundleLock vim-addon-mw-utils 0c5612fa31ee434ba055e21c76f456244b3b5109
NeoBundleLock undotree 88e4a9bc2f7916f24441faf884853a01ba11d294
NeoBundleLock vim-nerdtree-tabs 0decec122e9bb3e9328b01fa20a9650e79cc6ca7
NeoBundleLock vim-multiple-cursors 35028be1f71953da9f2c28509bf6c5ebd1d31c28
NeoBundleLock csv.vim 68732869b50c2e537cb7e2652efdb245c859fdcb
NeoBundleLock vim-surround fa433e0b7330753688f715f3be5d10dc480f20e5
NeoBundleLock PHP-Indenting-for-VIm 1f002b1695fff022777ef62c7997b6e4c998159b
NeoBundleLock vim-monokai 168adeac992d5fd907803b4f4966c4f80263097f
NeoBundleLock vim-fugitive d3b98d988602b94dc705ca99b171bb9f5b6c8a2c
NeoBundleLock ultisnips 67630f4aea1c77a7b74a5f922d93c751fbfd53d4
NeoBundleLock vimproc 9baa1ca5deeab9687b987b336507a9c531faa5f6
NeoBundleLock vim-javascript f8122fd1caca68b2592553e43dad45b3dc445a06
NeoBundleLock vim-visual-star-search 59d5f09fc6137c9c38af1682103c4698e82916bc
NeoBundleLock matchit.zip ced6c409c9beeb0b4142d21906606bd194411d1d
NeoBundleLock vim-sneak cd8cbb9b4563e5d65acaa23ceb07486361194198
NeoBundleLock nerdtree f8fd2ecce20f5005e6313ce57d6d2a209890c946
NeoBundleLock vim-snipmate 71250b0ef2b03b40ded5e93f4abe66fc2ee4aa75
NeoBundleLock vim-markdown 409c37b205afa2f9d590e23de8171482d66770e2
NeoBundleLock vim-phpqa f7224ea041c6de74e246b36b98b92672e5fb7997
NeoBundleLock tlib_vim 2bb17b766321270d45a9bbe5b57f90aaf45011c2
NeoBundleLock vim-snippets b66ede5e0f7e5d5c637904e4a0f3241c75c6705b
NeoBundleLock vim-expand-region 966513543de0ddc2d673b5528a056269e7917276
NeoBundleLock bufexplorer f3bbe12664b08038912faac586f6c0b5104325c3
NeoBundleLock splitjoin.vim e66af1f7fed96859d269f219b4b5a3302b71defb
NeoBundleLock yaifa.vim ab87aa42cb7c51e9357c3ea05057a2d9d6cb3aea
NeoBundleLock vim-diminactive f60b6630ab90daf611d0bbcd3252d761b545d153
NeoBundleLock indentLine bdad4e2ee6b1eccbfad0d12ddad46c9dca72d668
NeoBundleLock delimitMate 38487bbec8ba50834e257940b357de03991fa8f9
